Microsoft Visual Studio Solution File, Format Version 11.00
# Visual Studio 2008

Project("{3B6122B6-FBA2-96E5-58DB-7B88207D015A}") = "SOUTHERN_OAKTONHS", "Assembly-CSharp-vs.csproj", "{A701C96D-AB06-95E9-6A09-57B558E596E6}"
EndProject
Project("{3B6122B6-FBA2-96E5-58DB-7B88207D015A}") = "SOUTHERN_OAKTONHS", "Assembly-CSharp-Editor-vs.csproj", "{F2242F93-7C49-E49E-D5C5-982C5B012192}"
EndProject
Global
	GlobalSection(SolutionConfigurationPlatforms) = preSolution
		Debug|Any CPU = Debug|Any CPU
		Release|Any CPU = Release|Any CPU
	EndGlobalSection
	GlobalSection(ProjectConfigurationPlatforms) = postSolution
		{A701C96D-AB06-95E9-6A09-57B558E596E6}.Debug|Any CPU.ActiveCfg = Debug|Any CPU
		{A701C96D-AB06-95E9-6A09-57B558E596E6}.Debug|Any CPU.Build.0 = Debug|Any CPU
		{A701C96D-AB06-95E9-6A09-57B558E596E6}.Release|Any CPU.ActiveCfg = Release|Any CPU
		{A701C96D-AB06-95E9-6A09-57B558E596E6}.Release|Any CPU.Build.0 = Release|Any CPU
		{F2242F93-7C49-E49E-D5C5-982C5B012192}.Debug|Any CPU.ActiveCfg = Debug|Any CPU
		{F2242F93-7C49-E49E-D5C5-982C5B012192}.Debug|Any CPU.Build.0 = Debug|Any CPU
		{F2242F93-7C49-E49E-D5C5-982C5B012192}.Release|Any CPU.ActiveCfg = Release|Any CPU
		{F2242F93-7C49-E49E-D5C5-982C5B012192}.Release|Any CPU.Build.0 = Release|Any CPU
	EndGlobalSection
	GlobalSection(SolutionProperties) = preSolution
		HideSolutionNode = FALSE
	EndGlobalSection
			GlobalSection(MonoDevelopProperties) = preSolution
		StartupItem = Assembly-CSharp.csproj
		Policies = $0
		$0.TextStylePolicy = $1
		$1.inheritsSet = null
		$1.scope = text/x-csharp
		$0.CSharpFormattingPolicy = $2
		$2.inheritsSet = Mono
		$2.inheritsScope = text/x-csharp
		$2.scope = text/x-csharp
		$0.TextStylePolicy = $3
		$3.FileWidth = 120
		$3.TabWidth = 4
		$3.IndentWidth = 4
		$3.EolMarker = Unix
		$3.inheritsSet = Mono
		$3.inheritsScope = text/plain
		$3.scope = text/plain
	EndGlobalSection

EndGlobal
